
Microsoft Visual Studio Solution File, Format Version 12.00
# Visual Studio 15
VisualStudioVersion = 15.0.26730.16
MinimumVisualStudioVersion = 10.0.40219.1
Project("{FAE04EC0-301F-11D3-BF4B-00C04F79EFBC}") = "Photerva.Web", "Photerva.Web\Photerva.Web.csproj", "{EBABF5AC-878A-483E-BBF7-5D93F160727C}"
EndProject
Project("{FAE04EC0-301F-11D3-BF4B-00C04F79EFBC}") = "Photerva.Lib", "Photerva.Lib\Photerva.Lib.csproj", "{AB5D9A0A-1491-45CF-86A0-9F62FEAAE16C}"
EndProject
Project("{FAE04EC0-301F-11D3-BF4B-00C04F79EFBC}") = "Photerva.Test", "Photerva.Test\Photerva.Test.csproj", "{033A9140-8355-44E9-8B53-9F988450E5DB}"
EndProject
Global
	GlobalSection(SolutionConfigurationPlatforms) = preSolution
		Debug|Any CPU = Debug|Any CPU
		Release|Any CPU = Release|Any CPU
	EndGlobalSection
	GlobalSection(ProjectConfigurationPlatforms) = postSolution
		{EBABF5AC-878A-483E-BBF7-5D93F160727C}.Debug|Any CPU.ActiveCfg = Debug|Any CPU
		{EBABF5AC-878A-483E-BBF7-5D93F160727C}.Debug|Any CPU.Build.0 = Debug|Any CPU
		{EBABF5AC-878A-483E-BBF7-5D93F160727C}.Release|Any CPU.ActiveCfg = Release|Any CPU
		{EBABF5AC-878A-483E-BBF7-5D93F160727C}.Release|Any CPU.Build.0 = Release|Any CPU
		{AB5D9A0A-1491-45CF-86A0-9F62FEAAE16C}.Debug|Any CPU.ActiveCfg = Debug|Any CPU
		{AB5D9A0A-1491-45CF-86A0-9F62FEAAE16C}.Debug|Any CPU.Build.0 = Debug|Any CPU
		{AB5D9A0A-1491-45CF-86A0-9F62FEAAE16C}.Release|Any CPU.ActiveCfg = Release|Any CPU
		{AB5D9A0A-1491-45CF-86A0-9F62FEAAE16C}.Release|Any CPU.Build.0 = Release|Any CPU
		{033A9140-8355-44E9-8B53-9F988450E5DB}.Debug|Any CPU.ActiveCfg = Debug|Any CPU
		{033A9140-8355-44E9-8B53-9F988450E5DB}.Debug|Any CPU.Build.0 = Debug|Any CPU
		{033A9140-8355-44E9-8B53-9F988450E5DB}.Release|Any CPU.ActiveCfg = Release|Any CPU
		{033A9140-8355-44E9-8B53-9F988450E5DB}.Release|Any CPU.Build.0 = Release|Any CPU
	EndGlobalSection
	GlobalSection(SolutionProperties) = preSolution
		HideSolutionNode = FALSE
	EndGlobalSection
	GlobalSection(ExtensibilityGlobals) = postSolution
		SolutionGuid = {01E4D486-B9EF-4906-B4A2-820283A72C5E}
	EndGlobalSection
EndGlobal
